
Microsoft Visual Studio Solution File, Format Version 12.00
# Visual Studio Version 17
VisualStudioVersion = 17.11.35327.3
MinimumVisualStudioVersion = 10.0.40219.1
Project("{9A19103F-16F7-4668-BE54-9A1E7A4F7556}") = "BookHeavenStoreAPI", "BookHeavenStoreAPI\BookHeavenStoreAPI.csproj", "{315C5561-9015-4F9E-B09A-6C533D285054}"
EndProject
Project("{FAE04EC0-301F-11D3-BF4B-00C04F79EFBC}") = "BookHeavenStoreMVC", "BookHeavenStoreMVC\BookHeavenStoreMVC.csproj", "{B77558A0-B58F-4B3C-A2F4-2C214B9CC68B}"
EndProject
Global
	GlobalSection(SolutionConfigurationPlatforms) = preSolution
		Debug|Any CPU = Debug|Any CPU
		Release|Any CPU = Release|Any CPU
	EndGlobalSection
	GlobalSection(ProjectConfigurationPlatforms) = postSolution
		{315C5561-9015-4F9E-B09A-6C533D285054}.Debug|Any CPU.ActiveCfg = Debug|Any CPU
		{315C5561-9015-4F9E-B09A-6C533D285054}.Debug|Any CPU.Build.0 = Debug|Any CPU
		{315C5561-9015-4F9E-B09A-6C533D285054}.Release|Any CPU.ActiveCfg = Release|Any CPU
		{315C5561-9015-4F9E-B09A-6C533D285054}.Release|Any CPU.Build.0 = Release|Any CPU
		{B77558A0-B58F-4B3C-A2F4-2C214B9CC68B}.Debug|Any CPU.ActiveCfg = Debug|Any CPU
		{B77558A0-B58F-4B3C-A2F4-2C214B9CC68B}.Debug|Any CPU.Build.0 = Debug|Any CPU
		{B77558A0-B58F-4B3C-A2F4-2C214B9CC68B}.Release|Any CPU.ActiveCfg = Release|Any CPU
		{B77558A0-B58F-4B3C-A2F4-2C214B9CC68B}.Release|Any CPU.Build.0 = Release|Any CPU
	EndGlobalSection
	GlobalSection(SolutionProperties) = preSolution
		HideSolutionNode = FALSE
	EndGlobalSection
	GlobalSection(ExtensibilityGlobals) = postSolution
		SolutionGuid = {92807097-2102-4C3B-BC07-B58C6588D743}
	EndGlobalSection
EndGlobal
